<?xml version="1.0" encoding="utf-8"?>
<Project ToolsVersion="4.0" xmlns="http://schemas.microsoft.com/developer/msbuild/2003">
  <ItemGroup>
    <Filter Include="Source Files">
      <UniqueIdentifier>{4FC737F1-C7A5-4376-A066-2A32D752A2FF}</UniqueIdentifier>
      <Extensions>cpp;c;cc;cxx;def;odl;idl;hpj;bat;asm;asmx</Extensions>
    </Filter>
    <Filter Include="Header Files">
      <UniqueIdentifier>{93995380-89BD-4b04-88EB-625FBE52EBFB}</UniqueIdentifier>
      <Extensions>h;hh;hpp;hxx;hm;inl;inc;xsd</Extensions>
    </Filter>
    <Filter Include="Resource Files">
      <UniqueIdentifier>{67DA6AB6-F800-4c08-8B7A-83BB121AAD01}</UniqueIdentifier>
      <Extensions>rc;ico;cur;bmp;dlg;rc2;rct;bin;rgs;gif;jpg;jpeg;jpe;resx;tiff;tif;png;wav;mfcribbon-ms</Extensions>
    </Filter>
    <Filter Include="Header Files\instr_set">
      <UniqueIdentifier>{b0923b6d-f6b9-47dc-a8a0-41683c2e82fe}</UniqueIdentifier>
    </Filter>
    <Filter Include="Source Files\instr_set">
      <UniqueIdentifier>{322178be-0861-40e0-83c0-ae889cbedeb1}</UniqueIdentifier>
    </Filter>
  </ItemGroup>
  <ItemGroup>
    <ClInclude Include="Includes\internal_datas.h">
      <Filter>Header Files</Filter>
    </ClInclude>
    <ClInclude Include="Includes\protos.h">
      <Filter>Header Files</Filter>
    </ClInclude>
    <ClInclude Include="Includes\instr_set\Data_opcode.h">
      <Filter>Header Files\instr_set</Filter>
    </ClInclude>
    <ClInclude Include="basic_types.h">
      <Filter>Header Files</Filter>
    </ClInclude>
    <ClInclude Include="BeaEngine.h">
      <Filter>Header Files</Filter>
    </ClInclude>
    <ClInclude Include="export.h">
      <Filter>Header Files</Filter>
    </ClInclude>
    <ClInclude Include="macros.h">
      <Filter>Header Files</Filter>
    </ClInclude>
  </ItemGroup>
  <ItemGroup>
    <ClCompile Include="Includes\BeaEngineVersion.c">
      <Filter>Source Files</Filter>
    </ClCompile>
    <ClCompile Include="Includes\Routines_Disasm.c">
      <Filter>Source Files</Filter>
    </ClCompile>
    <ClCompile Include="Includes\Routines_ModRM.c">
      <Filter>Source Files</Filter>
    </ClCompile>
    <ClCompile Include="BeaEngine.c">
      <Filter>Source Files</Filter>
    </ClCompile>
    <ClCompile Include="Includes\instr_set\opcodes_A_M.c">
      <Filter>Source Files\instr_set</Filter>
    </ClCompile>
    <ClCompile Include="Includes\instr_set\opcodes_AES.c">
      <Filter>Source Files\instr_set</Filter>
    </ClCompile>
    <ClCompile Include="Includes\instr_set\opcodes_CLMUL.c">
      <Filter>Source Files\instr_set</Filter>
    </ClCompile>
    <ClCompile Include="Includes\instr_set\opcodes_FPU.c">
      <Filter>Source Files\instr_set</Filter>
    </ClCompile>
    <ClCompile Include="Includes\instr_set\opcodes_Grp1.c">
      <Filter>Source Files\instr_set</Filter>
    </ClCompile>
    <ClCompile Include="Includes\instr_set\opcodes_Grp2.c">
      <Filter>Source Files\instr_set</Filter>
    </ClCompile>
    <ClCompile Include="Includes\instr_set\opcodes_Grp3.c">
      <Filter>Source Files\instr_set</Filter>
    </ClCompile>
    <ClCompile Include="Includes\instr_set\opcodes_Grp4.c">
      <Filter>Source Files\instr_set</Filter>
    </ClCompile>
    <ClCompile Include="Includes\instr_set\opcodes_Grp5.c">
      <Filter>Source Files\instr_set</Filter>
    </ClCompile>
    <ClCompile Include="Includes\instr_set\opcodes_Grp6.c">
      <Filter>Source Files\instr_set</Filter>
    </ClCompile>
    <ClCompile Include="Includes\instr_set\opcodes_Grp7.c">
      <Filter>Source Files\instr_set</Filter>
    </ClCompile>
    <ClCompile Include="Includes\instr_set\opcodes_Grp8.c">
      <Filter>Source Files\instr_set</Filter>
    </ClCompile>
    <ClCompile Include="Includes\instr_set\opcodes_Grp9.c">
      <Filter>Source Files\instr_set</Filter>
    </ClCompile>
    <ClCompile Include="Includes\instr_set\opcodes_Grp12.c">
      <Filter>Source Files\instr_set</Filter>
    </ClCompile>
    <ClCompile Include="Includes\instr_set\opcodes_Grp13.c">
      <Filter>Source Files\instr_set</Filter>
    </ClCompile>
    <ClCompile Include="Includes\instr_set\opcodes_Grp14.c">
      <Filter>Source Files\instr_set</Filter>
    </ClCompile>
    <ClCompile Include="Includes\instr_set\opcodes_Grp15.c">
      <Filter>Source Files\instr_set</Filter>
    </ClCompile>
    <ClCompile Include="Includes\instr_set\opcodes_Grp16.c">
      <Filter>Source Files\instr_set</Filter>
    </ClCompile>
    <ClCompile Include="Includes\instr_set\opcodes_MMX.c">
      <Filter>Source Files\instr_set</Filter>
    </ClCompile>
    <ClCompile Include="Includes\instr_set\opcodes_N_Z.c">
      <Filter>Source Files\instr_set</Filter>
    </ClCompile>
    <ClCompile Include="Includes\instr_set\opcodes_prefixes.c">
      <Filter>Source Files\instr_set</Filter>
    </ClCompile>
    <ClCompile Include="Includes\instr_set\opcodes_SSE.c">
      <Filter>Source Files\instr_set</Filter>
    </ClCompile>
  </ItemGroup>
  <ItemGroup>
    <Text Include="COPYING.LESSER.txt">
      <Filter>Resource Files</Filter>
    </Text>
    <Text Include="COPYING.txt">
      <Filter>Resource Files</Filter>
    </Text>
    <Text Include="README.txt">
      <Filter>Resource Files</Filter>
    </Text>
  </ItemGroup>
</Project>